// !$*UTF8*$!
{
	archiveVersion = 1;
	classes = {
	};
	objectVersion = 46;
	objects = {

/* Begin PBXBuildFile section */
		1A87D91B1C52A00C00B5C53F /* main.m in Sources */ = {isa = PBXBuildFile; fileRef = 1A87D91A1C52A00C00B5C53F /* main.m */; };
		1A87D91E1C52A00C00B5C53F /* AppDelegate.m in Sources */ = {isa = PBXBuildFile; fileRef = 1A87D91D1C52A00C00B5C53F /* AppDelegate.m */; };
		1A87D9241C52A00C00B5C53F /* Main.storyboard in Resources */ = {isa = PBXBuildFile; fileRef = 1A87D9221C52A00C00B5C53F /* Main.storyboard */; };
		1A87D9261C52A00D00B5C53F /* Assets.xcassets in Resources */ = {isa = PBXBuildFile; fileRef = 1A87D9251C52A00D00B5C53F /* Assets.xcassets */; };
		1A87D9291C52A00D00B5C53F /* LaunchScreen.storyboard in Resources */ = {isa = PBXBuildFile; fileRef = 1A87D9271C52A00D00B5C53F /* LaunchScreen.storyboard */; };
		1A87D9341C52A00D00B5C53F /* MVCCTests.m in Sources */ = {isa = PBXBuildFile; fileRef = 1A87D9331C52A00D00B5C53F /* MVCCTests.m */; };
		1A87D93F1C52A00D00B5C53F /* MVCCUITests.m in Sources */ = {isa = PBXBuildFile; fileRef = 1A87D93E1C52A00D00B5C53F /* MVCCUITests.m */; };
		1A87D94E1C52A02100B5C53F /* HomeController.m in Sources */ = {isa = PBXBuildFile; fileRef = 1A87D94D1C52A02100B5C53F /* HomeController.m */; };
		1A87D9511C52A03D00B5C53F /* AddController.m in Sources */ = {isa = PBXBuildFile; fileRef = 1A87D9501C52A03D00B5C53F /* AddController.m */; };
		1A87D9541C52A04300B5C53F /* DetailController.m in Sources */ = {isa = PBXBuildFile; fileRef = 1A87D9531C52A04300B5C53F /* DetailController.m */; };
		1A87D9571C52A0FF00B5C53F /* BaseController.m in Sources */ = {isa = PBXBuildFile; fileRef = 1A87D9561C52A0FF00B5C53F /* BaseController.m */; };
		1A87D95A1C52A14800B5C53F /* ViewControllerFactory.m in Sources */ = {isa = PBXBuildFile; fileRef = 1A87D9591C52A14800B5C53F /* ViewControllerFactory.m */; };
		1A87D95D1C52A1C100B5C53F /* Item.m in Sources */ = {isa = PBXBuildFile; fileRef = 1A87D95C1C52A1C100B5C53F /* Item.m */; };
		1A87D9601C52A24E00B5C53F /* MockHomeViewController.m in Sources */ = {isa = PBXBuildFile; fileRef = 1A87D95F1C52A24E00B5C53F /* MockHomeViewController.m */; };
		1A87D9631C52A27600B5C53F /* HomeViewController.m in Sources */ = {isa = PBXBuildFile; fileRef = 1A87D9621C52A27600B5C53F /* HomeViewController.m */; };
		1A87D9661C52AC0300B5C53F /* DetailViewController.m in Sources */ = {isa = PBXBuildFile; fileRef = 1A87D9651C52AC0300B5C53F /* DetailViewController.m */; };
		1A87D9691C52AE2D00B5C53F /* MockViewControllerFactory.m in Sources */ = {isa = PBXBuildFile; fileRef = 1A87D9681C52AE2D00B5C53F /* MockViewControllerFactory.m */; };
		1A87D96C1C52AE4E00B5C53F /* MockDetailViewController.m in Sources */ = {isa = PBXBuildFile; fileRef = 1A87D96B1C52AE4E00B5C53F /* MockDetailViewController.m */; };
		1A87D96F1C52AF1A00B5C53F /* MockViewController.m in Sources */ = {isa = PBXBuildFile; fileRef = 1A87D96E1C52AF1A00B5C53F /* MockViewController.m */; };
		1A87D9721C52B5EA00B5C53F /* UIViewController+ViewController.m in Sources */ = {isa = PBXBuildFile; fileRef = 1A87D9711C52B5EA00B5C53F /* UIViewController+ViewController.m */; };
		1A87D9771C532F7500B5C53F /* MockNavViewController.m in Sources */ = {isa = PBXBuildFile; fileRef = 1A87D9761C532F7500B5C53F /* MockNavViewController.m */; };
		1A87D9791C53303300B5C53F /* ViewControllerFactoryTests.m in Sources */ = {isa = PBXBuildFile; fileRef = 1A87D9781C53303300B5C53F /* ViewControllerFactoryTests.m */; };
		1A87D97C1C53328A00B5C53F /* UINavigationController+NavViewController.m in Sources */ = {isa = PBXBuildFile; fileRef = 1A87D97B1C53328A00B5C53F /* UINavigationController+NavViewController.m */; };
/* End PBXBuildFile section */

/* Begin PBXContainerItemProxy section */
		1A87D9301C52A00D00B5C53F /* PBXContainerItemProxy */ = {
			isa = PBXContainerItemProxy;
			containerPortal = 1A87D90E1C52A00C00B5C53F /* Project object */;
			proxyType = 1;
			remoteGlobalIDString = 1A87D9151C52A00C00B5C53F;
			remoteInfo = MVCC;
		};
		1A87D93B1C52A00D00B5C53F /* PBXContainerItemProxy */ = {
			isa = PBXContainerItemProxy;
			containerPortal = 1A87D90E1C52A00C00B5C53F /* Project object */;
			proxyType = 1;
			remoteGlobalIDString = 1A87D9151C52A00C00B5C53F;
			remoteInfo = MVCC;
		};
/* End PBXContainerItemProxy section */

/* Begin PBXFileReference section */
		1A87D9161C52A00C00B5C53F /* MVCC.app */ = {isa = PBXFileReference; explicitFileType = wrapper.application; includeInIndex = 0; path = MVCC.app; sourceTree = BUILT_PRODUCTS_DIR; };
		1A87D91A1C52A00C00B5C53F /* main.m */ = {isa = PBXFileReference; lastKnownFileType = sourcecode.c.objc; path = main.m; sourceTree = "<group>"; };
		1A87D91C1C52A00C00B5C53F /* AppDelegate.h */ = {isa = PBXFileReference; lastKnownFileType = sourcecode.c.h; path = AppDelegate.h; sourceTree = "<group>"; };
		1A87D91D1C52A00C00B5C53F /* AppDelegate.m */ = {isa = PBXFileReference; lastKnownFileType = sourcecode.c.objc; path = AppDelegate.m; sourceTree = "<group>"; };
		1A87D91F1C52A00C00B5C53F /* ViewController.h */ = {isa = PBXFileReference; lastKnownFileType = sourcecode.c.h; path = ViewController.h; sourceTree = "<group>"; };
		1A87D9231C52A00C00B5C53F /* Base */ = {isa = PBXFileReference; lastKnownFileType = file.storyboard; name = Base; path = Base.lproj/Main.storyboard; sourceTree = "<group>"; };
		1A87D9251C52A00D00B5C53F /* Assets.xcassets */ = {isa = PBXFileReference; lastKnownFileType = folder.assetcatalog; path = Assets.xcassets; sourceTree = "<group>"; };
		1A87D9281C52A00D00B5C53F /* Base */ = {isa = PBXFileReference; lastKnownFileType = file.storyboard; name = Base; path = Base.lproj/LaunchScreen.storyboard; sourceTree = "<group>"; };
		1A87D92A1C52A00D00B5C53F /* Info.plist */ = {isa = PBXFileReference; lastKnownFileType = text.plist.xml; path = Info.plist; sourceTree = "<group>"; };
		1A87D92F1C52A00D00B5C53F /* MVCCTests.xctest */ = {isa = PBXFileReference; explicitFileType = wrapper.cfbundle; includeInIndex = 0; path = MVCCTests.xctest; sourceTree = BUILT_PRODUCTS_DIR; };
		1A87D9331C52A00D00B5C53F /* MVCCTests.m */ = {isa = PBXFileReference; lastKnownFileType = sourcecode.c.objc; path = MVCCTests.m; sourceTree = "<group>"; };
		1A87D9351C52A00D00B5C53F /* Info.plist */ = {isa = PBXFileReference; lastKnownFileType = text.plist.xml; path = Info.plist; sourceTree = "<group>"; };
		1A87D93A1C52A00D00B5C53F /* MVCCUITests.xctest */ = {isa = PBXFileReference; explicitFileType = wrapper.cfbundle; includeInIndex = 0; path = MVCCUITests.xctest; sourceTree = BUILT_PRODUCTS_DIR; };
		1A87D93E1C52A00D00B5C53F /* MVCCUITests.m */ = {isa = PBXFileReference; lastKnownFileType = sourcecode.c.objc; path = MVCCUITests.m; sourceTree = "<group>"; };
		1A87D9401C52A00D00B5C53F /* Info.plist */ = {isa = PBXFileReference; lastKnownFileType = text.plist.xml; path = Info.plist; sourceTree = "<group>"; };
		1A87D94C1C52A02100B5C53F /* HomeController.h */ = {isa = PBXFileReference; fileEncoding = 4; lastKnownFileType = sourcecode.c.h; path = HomeController.h; sourceTree = "<group>"; };
		1A87D94D1C52A02100B5C53F /* HomeController.m */ = {isa = PBXFileReference; fileEncoding = 4; lastKnownFileType = sourcecode.c.objc; path = HomeController.m; sourceTree = "<group>"; };
		1A87D94F1C52A03D00B5C53F /* AddController.h */ = {isa = PBXFileReference; fileEncoding = 4; lastKnownFileType = sourcecode.c.h; path = AddController.h; sourceTree = "<group>"; };
		1A87D9501C52A03D00B5C53F /* AddController.m */ = {isa = PBXFileReference; fileEncoding = 4; lastKnownFileType = sourcecode.c.objc; path = AddController.m; sourceTree = "<group>"; };
		1A87D9521C52A04300B5C53F /* DetailController.h */ = {isa = PBXFileReference; fileEncoding = 4; lastKnownFileType = sourcecode.c.h; path = DetailController.h; sourceTree = "<group>"; };
		1A87D9531C52A04300B5C53F /* DetailController.m */ = {isa = PBXFileReference; fileEncoding = 4; lastKnownFileType = sourcecode.c.objc; path = DetailController.m; sourceTree = "<group>"; };
		1A87D9551C52A0FF00B5C53F /* BaseController.h */ = {isa = PBXFileReference; fileEncoding = 4; lastKnownFileType = sourcecode.c.h; path = BaseController.h; sourceTree = "<group>"; };
		1A87D9561C52A0FF00B5C53F /* BaseController.m */ = {isa = PBXFileReference; fileEncoding = 4; lastKnownFileType = sourcecode.c.objc; path = BaseController.m; sourceTree = "<group>"; };
		1A87D9581C52A14800B5C53F /* ViewControllerFactory.h */ = {isa = PBXFileReference; fileEncoding = 4; lastKnownFileType = sourcecode.c.h; path = ViewControllerFactory.h; sourceTree = "<group>"; };
		1A87D9591C52A14800B5C53F /* ViewControllerFactory.m */ = {isa = PBXFileReference; fileEncoding = 4; lastKnownFileType = sourcecode.c.objc; path = ViewControllerFactory.m; sourceTree = "<group>"; };
		1A87D95B1C52A1C100B5C53F /* Item.h */ = {isa = PBXFileReference; fileEncoding = 4; lastKnownFileType = sourcecode.c.h; path = Item.h; sourceTree = "<group>"; };
		1A87D95C1C52A1C100B5C53F /* Item.m */ = {isa = PBXFileReference; fileEncoding = 4; lastKnownFileType = sourcecode.c.objc; path = Item.m; sourceTree = "<group>"; };
		1A87D95E1C52A24E00B5C53F /* MockHomeViewController.h */ = {isa = PBXFileReference; fileEncoding = 4; lastKnownFileType = sourcecode.c.h; path = MockHomeViewController.h; sourceTree = "<group>"; };
		1A87D95F1C52A24E00B5C53F /* MockHomeViewController.m */ = {isa = PBXFileReference; fileEncoding = 4; lastKnownFileType = sourcecode.c.objc; path = MockHomeViewController.m; sourceTree = "<group>"; };
		1A87D9611C52A27600B5C53F /* HomeViewController.h */ = {isa = PBXFileReference; fileEncoding = 4; lastKnownFileType = sourcecode.c.h; path = HomeViewController.h; sourceTree = "<group>"; };
		1A87D9621C52A27600B5C53F /* HomeViewController.m */ = {isa = PBXFileReference; fileEncoding = 4; lastKnownFileType = sourcecode.c.objc; path = HomeViewController.m; sourceTree = "<group>"; };
		1A87D9641C52AC0300B5C53F /* DetailViewController.h */ = {isa = PBXFileReference; fileEncoding = 4; lastKnownFileType = sourcecode.c.h; path = DetailViewController.h; sourceTree = "<group>"; };
		1A87D9651C52AC0300B5C53F /* DetailViewController.m */ = {isa = PBXFileReference; fileEncoding = 4; lastKnownFileType = sourcecode.c.objc; path = DetailViewController.m; sourceTree = "<group>"; };
		1A87D9671C52AE2D00B5C53F /* MockViewControllerFactory.h */ = {isa = PBXFileReference; fileEncoding = 4; lastKnownFileType = sourcecode.c.h; path = MockViewControllerFactory.h; sourceTree = "<group>"; };
		1A87D9681C52AE2D00B5C53F /* MockViewControllerFactory.m */ = {isa = PBXFileReference; fileEncoding = 4; lastKnownFileType = sourcecode.c.objc; path = MockViewControllerFactory.m; sourceTree = "<group>"; };
		1A87D96A1C52AE4E00B5C53F /* MockDetailViewController.h */ = {isa = PBXFileReference; fileEncoding = 4; lastKnownFileType = sourcecode.c.h; path = MockDetailViewController.h; sourceTree = "<group>"; };
		1A87D96B1C52AE4E00B5C53F /* MockDetailViewController.m */ = {isa = PBXFileReference; fileEncoding = 4; lastKnownFileType = sourcecode.c.objc; path = MockDetailViewController.m; sourceTree = "<group>"; };
		1A87D96D1C52AF1A00B5C53F /* MockViewController.h */ = {isa = PBXFileReference; fileEncoding = 4; lastKnownFileType = sourcecode.c.h; path = MockViewController.h; sourceTree = "<group>"; };
		1A87D96E1C52AF1A00B5C53F /* MockViewController.m */ = {isa = PBXFileReference; fileEncoding = 4; lastKnownFileType = sourcecode.c.objc; path = MockViewController.m; sourceTree = "<group>"; };
		1A87D9701C52B5EA00B5C53F /* UIViewController+ViewController.h */ = {isa = PBXFileReference; fileEncoding = 4; lastKnownFileType = sourcecode.c.h; path = "UIViewController+ViewController.h"; sourceTree = "<group>"; };
		1A87D9711C52B5EA00B5C53F /* UIViewController+ViewController.m */ = {isa = PBXFileReference; fileEncoding = 4; lastKnownFileType = sourcecode.c.objc; path = "UIViewController+ViewController.m"; sourceTree = "<group>"; };
		1A87D9741C532EA000B5C53F /* NavViewController.h */ = {isa = PBXFileReference; lastKnownFileType = sourcecode.c.h; path = NavViewController.h; sourceTree = "<group>"; };
		1A87D9751C532F7500B5C53F /* MockNavViewController.h */ = {isa = PBXFileReference; fileEncoding = 4; lastKnownFileType = sourcecode.c.h; path = MockNavViewController.h; sourceTree = "<group>"; };
		1A87D9761C532F7500B5C53F /* MockNavViewController.m */ = {isa = PBXFileReference; fileEncoding = 4; lastKnownFileType = sourcecode.c.objc; path = MockNavViewController.m; sourceTree = "<group>"; };
		1A87D9781C53303300B5C53F /* ViewControllerFactoryTests.m */ = {isa = PBXFileReference; fileEncoding = 4; lastKnownFileType = sourcecode.c.objc; path = ViewControllerFactoryTests.m; sourceTree = "<group>"; };
		1A87D97A1C53328A00B5C53F /* UINavigationController+NavViewController.h */ = {isa = PBXFileReference; fileEncoding = 4; lastKnownFileType = sourcecode.c.h; path = "UINavigationController+NavViewController.h"; sourceTree = "<group>"; };
		1A87D97B1C53328A00B5C53F /* UINavigationController+NavViewController.m */ = {isa = PBXFileReference; fileEncoding = 4; lastKnownFileType = sourcecode.c.objc; path = "UINavigationController+NavViewController.m"; sourceTree = "<group>"; };
/* End PBXFileReference section */

/* Begin PBXFrameworksBuildPhase section */
		1A87D9131C52A00C00B5C53F /* Frameworks */ = {
			isa = PBXFrameworksBuildPhase;
			buildActionMask = 2147483647;
			files = (
			);
			runOnlyForDeploymentPostprocessing = 0;
		};
		1A87D92C1C52A00D00B5C53F /* Frameworks */ = {
			isa = PBXFrameworksBuildPhase;
			buildActionMask = 2147483647;
			files = (
			);
			runOnlyForDeploymentPostprocessing = 0;
		};
		1A87D9371C52A00D00B5C53F /* Frameworks */ = {
			isa = PBXFrameworksBuildPhase;
			buildActionMask = 2147483647;
			files = (
			);
			runOnlyForDeploymentPostprocessing = 0;
		};
/* End PBXFrameworksBuildPhase section */

/* Begin PBXGroup section */
		1A87D90D1C52A00C00B5C53F = {
			isa = PBXGroup;
			children = (
				1A87D9181C52A00C00B5C53F /* MVCC */,
				1A87D9321C52A00D00B5C53F /* MVCCTests */,
				1A87D93D1C52A00D00B5C53F /* MVCCUITests */,
				1A87D9171C52A00C00B5C53F /* Products */,
			);
			sourceTree = "<group>";
		};
		1A87D9171C52A00C00B5C53F /* Products */ = {
			isa = PBXGroup;
			children = (
				1A87D9161C52A00C00B5C53F /* MVCC.app */,
				1A87D92F1C52A00D00B5C53F /* MVCCTests.xctest */,
				1A87D93A1C52A00D00B5C53F /* MVCCUITests.xctest */,
			);
			name = Products;
			sourceTree = "<group>";
		};
		1A87D9181C52A00C00B5C53F /* MVCC */ = {
			isa = PBXGroup;
			children = (
				1A87D91C1C52A00C00B5C53F /* AppDelegate.h */,
				1A87D91D1C52A00C00B5C53F /* AppDelegate.m */,
				1A87D9221C52A00C00B5C53F /* Main.storyboard */,
				1A87D9251C52A00D00B5C53F /* Assets.xcassets */,
				1A87D9271C52A00D00B5C53F /* LaunchScreen.storyboard */,
				1A87D92A1C52A00D00B5C53F /* Info.plist */,
				1A87D9191C52A00C00B5C53F /* Supporting Files */,
				1A87D91F1C52A00C00B5C53F /* ViewController.h */,
				1A87D9741C532EA000B5C53F /* NavViewController.h */,
				1A87D9701C52B5EA00B5C53F /* UIViewController+ViewController.h */,
				1A87D9711C52B5EA00B5C53F /* UIViewController+ViewController.m */,
				1A87D97A1C53328A00B5C53F /* UINavigationController+NavViewController.h */,
				1A87D97B1C53328A00B5C53F /* UINavigationController+NavViewController.m */,
				1A87D9581C52A14800B5C53F /* ViewControllerFactory.h */,
				1A87D9591C52A14800B5C53F /* ViewControllerFactory.m */,
				1A87D9611C52A27600B5C53F /* HomeViewController.h */,
				1A87D9621C52A27600B5C53F /* HomeViewController.m */,
				1A87D9641C52AC0300B5C53F /* DetailViewController.h */,
				1A87D9651C52AC0300B5C53F /* DetailViewController.m */,
				1A87D9551C52A0FF00B5C53F /* BaseController.h */,
				1A87D9561C52A0FF00B5C53F /* BaseController.m */,
				1A87D94C1C52A02100B5C53F /* HomeController.h */,
				1A87D94D1C52A02100B5C53F /* HomeController.m */,
				1A87D94F1C52A03D00B5C53F /* AddController.h */,
				1A87D9501C52A03D00B5C53F /* AddController.m */,
				1A87D9521C52A04300B5C53F /* DetailController.h */,
				1A87D9531C52A04300B5C53F /* DetailController.m */,
				1A87D95B1C52A1C100B5C53F /* Item.h */,
				1A87D95C1C52A1C100B5C53F /* Item.m */,
			);
			path = MVCC;
			sourceTree = "<group>";
		};
		1A87D9191C52A00C00B5C53F /* Supporting Files */ = {
			isa = PBXGroup;
			children = (
				1A87D91A1C52A00C00B5C53F /* main.m */,
			);
			name = "Supporting Files";
			sourceTree = "<group>";
		};
		1A87D9321C52A00D00B5C53F /* MVCCTests */ = {
			isa = PBXGroup;
			children = (
				1A87D9331C52A00D00B5C53F /* MVCCTests.m */,
				1A87D9781C53303300B5C53F /* ViewControllerFactoryTests.m */,
				1A87D96D1C52AF1A00B5C53F /* MockViewController.h */,
				1A87D96E1C52AF1A00B5C53F /* MockViewController.m */,
				1A87D95E1C52A24E00B5C53F /* MockHomeViewController.h */,
				1A87D95F1C52A24E00B5C53F /* MockHomeViewController.m */,
				1A87D9671C52AE2D00B5C53F /* MockViewControllerFactory.h */,
				1A87D9681C52AE2D00B5C53F /* MockViewControllerFactory.m */,
				1A87D9751C532F7500B5C53F /* MockNavViewController.h */,
				1A87D9761C532F7500B5C53F /* MockNavViewController.m */,
				1A87D96A1C52AE4E00B5C53F /* MockDetailViewController.h */,
				1A87D96B1C52AE4E00B5C53F /* MockDetailViewController.m */,
				1A87D9351C52A00D00B5C53F /* Info.plist */,
			);
			path = MVCCTests;
			sourceTree = "<group>";
		};
		1A87D93D1C52A00D00B5C53F /* MVCCUITests */ = {
			isa = PBXGroup;
			children = (
				1A87D93E1C52A00D00B5C53F /* MVCCUITests.m */,
				1A87D9401C52A00D00B5C53F /* Info.plist */,
			);
			path = MVCCUITests;
			sourceTree = "<group>";
		};
/* End PBXGroup section */

/* Begin PBXNativeTarget section */
		1A87D9151C52A00C00B5C53F /* MVCC */ = {
			isa = PBXNativeTarget;
			buildConfigurationList = 1A87D9431C52A00D00B5C53F /* Build configuration list for PBXNativeTarget "MVCC" */;
			buildPhases = (
				1A87D9121C52A00C00B5C53F /* Sources */,
				1A87D9131C52A00C00B5C53F /* Frameworks */,
				1A87D9141C52A00C00B5C53F /* Resources */,
			);
			buildRules = (
			);
			dependencies = (
			);
			name = MVCC;
			productName = MVCC;
			productReference = 1A87D9161C52A00C00B5C53F /* MVCC.app */;
			productType = "com.apple.product-type.application";
		};
		1A87D92E1C52A00D00B5C53F /* MVCCTests */ = {
			isa = PBXNativeTarget;
			buildConfigurationList = 1A87D9461C52A00D00B5C53F /* Build configuration list for PBXNativeTarget "MVCCTests" */;
			buildPhases = (
				1A87D92B1C52A00D00B5C53F /* Sources */,
				1A87D92C1C52A00D00B5C53F /* Frameworks */,
				1A87D92D1C52A00D00B5C53F /* Resources */,
			);
			buildRules = (
			);
			dependencies = (
				1A87D9311C52A00D00B5C53F /* PBXTargetDependency */,
			);
			name = MVCCTests;
			productName = MVCCTests;
			productReference = 1A87D92F1C52A00D00B5C53F /* MVCCTests.xctest */;
			productType = "com.apple.product-type.bundle.unit-test";
		};
		1A87D9391C52A00D00B5C53F /* MVCCUITests */ = {
			isa = PBXNativeTarget;
			buildConfigurationList = 1A87D9491C52A00D00B5C53F /* Build configuration list for PBXNativeTarget "MVCCUITests" */;
			buildPhases = (
				1A87D9361C52A00D00B5C53F /* Sources */,
				1A87D9371C52A00D00B5C53F /* Frameworks */,
				1A87D9381C52A00D00B5C53F /* Resources */,
			);
			buildRules = (
			);
			dependencies = (
				1A87D93C1C52A00D00B5C53F /* PBXTargetDependency */,
			);
			name = MVCCUITests;
			productName = MVCCUITests;
			productReference = 1A87D93A1C52A00D00B5C53F /* MVCCUITests.xctest */;
			productType = "com.apple.product-type.bundle.ui-testing";
		};
/* End PBXNativeTarget section */

/* Begin PBXProject section */
		1A87D90E1C52A00C00B5C53F /* Project object */ = {
			isa = PBXProject;
			attributes = {
				LastUpgradeCheck = 0720;
				ORGANIZATIONNAME = "James Tang";
				TargetAttributes = {
					1A87D9151C52A00C00B5C53F = {
						CreatedOnToolsVersion = 7.2;
					};
					1A87D92E1C52A00D00B5C53F = {
						CreatedOnToolsVersion = 7.2;
						TestTargetID = 1A87D9151C52A00C00B5C53F;
					};
					1A87D9391C52A00D00B5C53F = {
						CreatedOnToolsVersion = 7.2;
						TestTargetID = 1A87D9151C52A00C00B5C53F;
					};
				};
			};
			buildConfigurationList = 1A87D9111C52A00C00B5C53F /* Build configuration list for PBXProject "MVCC" */;
			compatibilityVersion = "Xcode 3.2";
			developmentRegion = English;
			hasScannedForEncodings = 0;
			knownRegions = (
				en,
				Base,
			);
			mainGroup = 1A87D90D1C52A00C00B5C53F;
			productRefGroup = 1A87D9171C52A00C00B5C53F /* Products */;
			projectDirPath = "";
			projectRoot = "";
			targets = (
				1A87D9151C52A00C00B5C53F /* MVCC */,
				1A87D92E1C52A00D00B5C53F /* MVCCTests */,
				1A87D9391C52A00D00B5C53F /* MVCCUITests */,
			);
		};
/* End PBXProject section */

/* Begin PBXResourcesBuildPhase section */
		1A87D9141C52A00C00B5C53F /* Resources */ = {
			isa = PBXResourcesBuildPhase;
			buildActionMask = 2147483647;
			files = (
				1A87D9291C52A00D00B5C53F /* LaunchScreen.storyboard in Resources */,
				1A87D9261C52A00D00B5C53F /* Assets.xcassets in Resources */,
				1A87D9241C52A00C00B5C53F /* Main.storyboard in Resources */,
			);
			runOnlyForDeploymentPostprocessing = 0;
		};
		1A87D92D1C52A00D00B5C53F /* Resources */ = {
			isa = PBXResourcesBuildPhase;
			buildActionMask = 2147483647;
			files = (
			);
			runOnlyForDeploymentPostprocessing = 0;
		};
		1A87D9381C52A00D00B5C53F /* Resources */ = {
			isa = PBXResourcesBuildPhase;
			buildActionMask = 2147483647;
			files = (
			);
			runOnlyForDeploymentPostprocessing = 0;
		};
/* End PBXResourcesBuildPhase section */

/* Begin PBXSourcesBuildPhase section */
		1A87D9121C52A00C00B5C53F /* Sources */ = {
			isa = PBXSourcesBuildPhase;
			buildActionMask = 2147483647;
			files = (
				1A87D95D1C52A1C100B5C53F /* Item.m in Sources */,
				1A87D94E1C52A02100B5C53F /* HomeController.m in Sources */,
				1A87D97C1C53328A00B5C53F /* UINavigationController+NavViewController.m in Sources */,
				1A87D95A1C52A14800B5C53F /* ViewControllerFactory.m in Sources */,
				1A87D9631C52A27600B5C53F /* HomeViewController.m in Sources */,
				1A87D9571C52A0FF00B5C53F /* BaseController.m in Sources */,
				1A87D9541C52A04300B5C53F /* DetailController.m in Sources */,
				1A87D9661C52AC0300B5C53F /* DetailViewController.m in Sources */,
				1A87D9511C52A03D00B5C53F /* AddController.m in Sources */,
				1A87D9721C52B5EA00B5C53F /* UIViewController+ViewController.m in Sources */,
				1A87D91E1C52A00C00B5C53F /* AppDelegate.m in Sources */,
				1A87D91B1C52A00C00B5C53F /* main.m in Sources */,
			);
			runOnlyForDeploymentPostprocessing = 0;
		};
		1A87D92B1C52A00D00B5C53F /* Sources */ = {
			isa = PBXSourcesBuildPhase;
			buildActionMask = 2147483647;
			files = (
				1A87D9771C532F7500B5C53F /* MockNavViewController.m in Sources */,
				1A87D9691C52AE2D00B5C53F /* MockViewControllerFactory.m in Sources */,
				1A87D96C1C52AE4E00B5C53F /* MockDetailViewController.m in Sources */,
				1A87D9791C53303300B5C53F /* ViewControllerFactoryTests.m in Sources */,
				1A87D9341C52A00D00B5C53F /* MVCCTests.m in Sources */,
				1A87D9601C52A24E00B5C53F /* MockHomeViewController.m in Sources */,
				1A87D96F1C52AF1A00B5C53F /* MockViewController.m in Sources */,
			);
			runOnlyForDeploymentPostprocessing = 0;
		};
		1A87D9361C52A00D00B5C53F /* Sources */ = {
			isa = PBXSourcesBuildPhase;
			buildActionMask = 2147483647;
			files = (
				1A87D93F1C52A00D00B5C53F /* MVCCUITests.m in Sources */,
			);
			runOnlyForDeploymentPostprocessing = 0;
		};
/* End PBXSourcesBuildPhase section */

/* Begin PBXTargetDependency section */
		1A87D9311C52A00D00B5C53F /* PBXTargetDependency */ = {
			isa = PBXTargetDependency;
			target = 1A87D9151C52A00C00B5C53F /* MVCC */;
			targetProxy = 1A87D9301C52A00D00B5C53F /* PBXContainerItemProxy */;
		};
		1A87D93C1C52A00D00B5C53F /* PBXTargetDependency */ = {
			isa = PBXTargetDependency;
			target = 1A87D9151C52A00C00B5C53F /* MVCC */;
			targetProxy = 1A87D93B1C52A00D00B5C53F /* PBXContainerItemProxy */;
		};
/* End PBXTargetDependency section */

/* Begin PBXVariantGroup section */
		1A87D9221C52A00C00B5C53F /* Main.storyboard */ = {
			isa = PBXVariantGroup;
			children = (
				1A87D9231C52A00C00B5C53F /* Base */,
			);
			name = Main.storyboard;
			sourceTree = "<group>";
		};
		1A87D9271C52A00D00B5C53F /* LaunchScreen.storyboard */ = {
			isa = PBXVariantGroup;
			children = (
				1A87D9281C52A00D00B5C53F /* Base */,
			);
			name = LaunchScreen.storyboard;
			sourceTree = "<group>";
		};
/* End PBXVariantGroup section */

/* Begin XCBuildConfiguration section */
		1A87D9411C52A00D00B5C53F /* Debug */ = {
			isa = XCBuildConfiguration;
			buildSettings = {
				ALWAYS_SEARCH_USER_PATHS = NO;
				CLANG_CXX_LANGUAGE_STANDARD = "gnu++0x";
				CLANG_CXX_LIBRARY = "libc++";
				CLANG_ENABLE_MODULES = YES;
				CLANG_ENABLE_OBJC_ARC = YES;
				CLANG_WARN_BOOL_CONVERSION = YES;
				CLANG_WARN_CONSTANT_CONVERSION = YES;
				CLANG_WARN_DIRECT_OBJC_ISA_USAGE = YES_ERROR;
				CLANG_WARN_EMPTY_BODY = YES;
				CLANG_WARN_ENUM_CONVERSION = YES;
				CLANG_WARN_INT_CONVERSION = YES;
				CLANG_WARN_OBJC_ROOT_CLASS = YES_ERROR;
				CLANG_WARN_UNREACHABLE_CODE = YES;
				CLANG_WARN__DUPLICATE_METHOD_MATCH = YES;
				"CODE_SIGN_IDENTITY[sdk=iphoneos*]" = "iPhone Developer";
				COPY_PHASE_STRIP = NO;
				DEBUG_INFORMATION_FORMAT = dwarf;
				ENABLE_STRICT_OBJC_MSGSEND = YES;
				ENABLE_TESTABILITY = YES;
				GCC_C_LANGUAGE_STANDARD = gnu99;
				GCC_DYNAMIC_NO_PIC = NO;
				GCC_NO_COMMON_BLOCKS = YES;
				GCC_OPTIMIZATION_LEVEL = 0;
				GCC_PREPROCESSOR_DEFINITIONS = (
					"DEBUG=1",
					"$(inherited)",
				);
				GCC_WARN_64_TO_32_BIT_CONVERSION = YES;
				GCC_WARN_ABOUT_RETURN_TYPE = YES_ERROR;
				GCC_WARN_UNDECLARED_SELECTOR = YES;
				GCC_WARN_UNINITIALIZED_AUTOS = YES_AGGRESSIVE;
				GCC_WARN_UNUSED_FUNCTION = YES;
				GCC_WARN_UNUSED_VARIABLE = YES;
				IPHONEOS_DEPLOYMENT_TARGET = 9.2;
				MTL_ENABLE_DEBUG_INFO = YES;
				ONLY_ACTIVE_ARCH = YES;
				SDKROOT = iphoneos;
			};
			name = Debug;
		};
		1A87D9421C52A00D00B5C53F /* Release */ = {
			isa = XCBuildConfiguration;
			buildSettings = {
				ALWAYS_SEARCH_USER_PATHS = NO;
				CLANG_CXX_LANGUAGE_STANDARD = "gnu++0x";
				CLANG_CXX_LIBRARY = "libc++";
				CLANG_ENABLE_MODULES = YES;
				CLANG_ENABLE_OBJC_ARC = YES;
				CLANG_WARN_BOOL_CONVERSION = YES;
				CLANG_WARN_CONSTANT_CONVERSION = YES;
				CLANG_WARN_DIRECT_OBJC_ISA_USAGE = YES_ERROR;
				CLANG_WARN_EMPTY_BODY = YES;
				CLANG_WARN_ENUM_CONVERSION = YES;
				CLANG_WARN_INT_CONVERSION = YES;
				CLANG_WARN_OBJC_ROOT_CLASS = YES_ERROR;
				CLANG_WARN_UNREACHABLE_CODE = YES;
				CLANG_WARN__DUPLICATE_METHOD_MATCH = YES;
				"CODE_SIGN_IDENTITY[sdk=iphoneos*]" = "iPhone Developer";
				COPY_PHASE_STRIP = NO;
				DEBUG_INFORMATION_FORMAT = "dwarf-with-dsym";
				ENABLE_NS_ASSERTIONS = NO;
				ENABLE_STRICT_OBJC_MSGSEND = YES;
				GCC_C_LANGUAGE_STANDARD = gnu99;
				GCC_NO_COMMON_BLOCKS = YES;
				GCC_WARN_64_TO_32_BIT_CONVERSION = YES;
				GCC_WARN_ABOUT_RETURN_TYPE = YES_ERROR;
				GCC_WARN_UNDECLARED_SELECTOR = YES;
				GCC_WARN_UNINITIALIZED_AUTOS = YES_AGGRESSIVE;
				GCC_WARN_UNUSED_FUNCTION = YES;
				GCC_WARN_UNUSED_VARIABLE = YES;
				IPHONEOS_DEPLOYMENT_TARGET = 9.2;
				MTL_ENABLE_DEBUG_INFO = NO;
				SDKROOT = iphoneos;
				VALIDATE_PRODUCT = YES;
			};
			name = Release;
		};
		1A87D9441C52A00D00B5C53F /* Debug */ = {
			isa = XCBuildConfiguration;
			buildSettings = {
				ASSETCATALOG_COMPILER_APPICON_NAME = AppIcon;
				INFOPLIST_FILE = MVCC/Info.plist;
				LD_RUNPATH_SEARCH_PATHS = "$(inherited) @executable_path/Frameworks";
				PRODUCT_BUNDLE_IDENTIFIER = com.jamztang.MVCC;
				PRODUCT_NAME = "$(TARGET_NAME)";
			};
			name = Debug;
		};
		1A87D9451C52A00D00B5C53F /* Release */ = {
			isa = XCBuildConfiguration;
			buildSettings = {
				ASSETCATALOG_COMPILER_APPICON_NAME = AppIcon;
				INFOPLIST_FILE = MVCC/Info.plist;
				LD_RUNPATH_SEARCH_PATHS = "$(inherited) @executable_path/Frameworks";
				PRODUCT_BUNDLE_IDENTIFIER = com.jamztang.MVCC;
				PRODUCT_NAME = "$(TARGET_NAME)";
			};
			name = Release;
		};
		1A87D9471C52A00D00B5C53F /* Debug */ = {
			isa = XCBuildConfiguration;
			buildSettings = {
				BUNDLE_LOADER = "$(TEST_HOST)";
				INFOPLIST_FILE = MVCCTests/Info.plist;
				LD_RUNPATH_SEARCH_PATHS = "$(inherited) @executable_path/Frameworks @loader_path/Frameworks";
				PRODUCT_BUNDLE_IDENTIFIER = com.jamztang.MVCCTests;
				PRODUCT_NAME = "$(TARGET_NAME)";
				TEST_HOST = "$(BUILT_PRODUCTS_DIR)/MVCC.app/MVCC";
			};
			name = Debug;
		};
		1A87D9481C52A00D00B5C53F /* Release */ = {
			isa = XCBuildConfiguration;
			buildSettings = {
				BUNDLE_LOADER = "$(TEST_HOST)";
				INFOPLIST_FILE = MVCCTests/Info.plist;
				LD_RUNPATH_SEARCH_PATHS = "$(inherited) @executable_path/Frameworks @loader_path/Frameworks";
				PRODUCT_BUNDLE_IDENTIFIER = com.jamztang.MVCCTests;
				PRODUCT_NAME = "$(TARGET_NAME)";
				TEST_HOST = "$(BUILT_PRODUCTS_DIR)/MVCC.app/MVCC";
			};
			name = Release;
		};
		1A87D94A1C52A00D00B5C53F /* Debug */ = {
			isa = XCBuildConfiguration;
			buildSettings = {
				INFOPLIST_FILE = MVCCUITests/Info.plist;
				LD_RUNPATH_SEARCH_PATHS = "$(inherited) @executable_path/Frameworks @loader_path/Frameworks";
				PRODUCT_BUNDLE_IDENTIFIER = com.jamztang.MVCCUITests;
				PRODUCT_NAME = "$(TARGET_NAME)";
				TEST_TARGET_NAME = MVCC;
				USES_XCTRUNNER = YES;
			};
			name = Debug;
		};
		1A87D94B1C52A00D00B5C53F /* Release */ = {
			isa = XCBuildConfiguration;
			buildSettings = {
				INFOPLIST_FILE = MVCCUITests/Info.plist;
				LD_RUNPATH_SEARCH_PATHS = "$(inherited) @executable_path/Frameworks @loader_path/Frameworks";
				PRODUCT_BUNDLE_IDENTIFIER = com.jamztang.MVCCUITests;
				PRODUCT_NAME = "$(TARGET_NAME)";
				TEST_TARGET_NAME = MVCC;
				USES_XCTRUNNER = YES;
			};
			name = Release;
		};
/* End XCBuildConfiguration section */

/* Begin XCConfigurationList section */
		1A87D9111C52A00C00B5C53F /* Build configuration list for PBXProject "MVCC" */ = {
			isa = XCConfigurationList;
			buildConfigurations = (
				1A87D9411C52A00D00B5C53F /* Debug */,
				1A87D9421C52A00D00B5C53F /* Release */,
			);
			defaultConfigurationIsVisible = 0;
			defaultConfigurationName = Release;
		};
		1A87D9431C52A00D00B5C53F /* Build configuration list for PBXNativeTarget "MVCC" */ = {
			isa = XCConfigurationList;
			buildConfigurations = (
				1A87D9441C52A00D00B5C53F /* Debug */,
				1A87D9451C52A00D00B5C53F /* Release */,
			);
			defaultConfigurationIsVisible = 0;
		};
		1A87D9461C52A00D00B5C53F /* Build configuration list for PBXNativeTarget "MVCCTests" */ = {
			isa = XCConfigurationList;
			buildConfigurations = (
				1A87D9471C52A00D00B5C53F /* Debug */,
				1A87D9481C52A00D00B5C53F /* Release */,
			);
			defaultConfigurationIsVisible = 0;
		};
		1A87D9491C52A00D00B5C53F /* Build configuration list for PBXNativeTarget "MVCCUITests" */ = {
			isa = XCConfigurationList;
			buildConfigurations = (
				1A87D94A1C52A00D00B5C53F /* Debug */,
				1A87D94B1C52A00D00B5C53F /* Release */,
			);
			defaultConfigurationIsVisible = 0;
		};
/* End XCConfigurationList section */
	};
	rootObject = 1A87D90E1C52A00C00B5C53F /* Project object */;
}
